// !$*UTF8*$!
{
	archiveVersion = 1;
	classes = {
	};
	objectVersion = 77;
	objects = {

/* Begin PBXBuildFile section */
		04DDCA994F39945CDF6A0C14 /* Text+Compat.swift in Sources */ = {isa = PBXBuildFile; fileRef = CBFA189036E3961B098778C3 /* Text+Compat.swift */; };
		0975FB715C8AC766B03DD978 /* ResultScreen.swift in Sources */ = {isa = PBXBuildFile; fileRef = 8B1BEA3C2F38F570BA42951C /* ResultScreen.swift */; };
		0B7F08ACA0FC61D42A8D634A /* Color+Hex.swift in Sources */ = {isa = PBXBuildFile; fileRef = 97BBA425FC094C169D6AD867 /* Color+Hex.swift */; };
		1C5523C91F2B0FDF3C4FCFE1 /* QuizScreen.swift in Sources */ = {isa = PBXBuildFile; fileRef = E8E747AB94DC970C7B117315 /* QuizScreen.swift */; };
		28618581E9A88615A017F91A /* AssessmentRepository.swift in Sources */ = {isa = PBXBuildFile; fileRef = DDA2B0CCFC866F80FD281C8B /* AssessmentRepository.swift */; };
		376B7CD9FDA7BD7B08077B57 /* CompatHomeView.swift in Sources */ = {isa = PBXBuildFile; fileRef = 34A5209B8CDB66915D3C8F1F /* CompatHomeView.swift */; };
		3DC3C7F28ACD3957FADF4AED /* View+QuizBackground.swift in Sources */ = {isa = PBXBuildFile; fileRef = 8EBB9ED9BB53FAFA6D6CA301 /* View+QuizBackground.swift */; };
		478811B9EEA7ECD842DE682C /* HomeTabView.swift in Sources */ = {isa = PBXBuildFile; fileRef = EBA018D24D94217704F587E6 /* HomeTabView.swift */; };
		572EF59FD9E5F6803787F9B5 /* CompatRepository.swift in Sources */ = {isa = PBXBuildFile; fileRef = 9CD1F2722832811345888D03 /* CompatRepository.swift */; };
		596A8275BC957D1E51D15C7A /* Views.swift in Sources */ = {isa = PBXBuildFile; fileRef = 6DF5969E82BACC5D2E04DAFC /* Views.swift */; };
		5E872D85A6629988C0C1E2FA /* QuizViewModel.swift in Sources */ = {isa = PBXBuildFile; fileRef = CDEB78A449F1A142384EA401 /* QuizViewModel.swift */; };
		6A9940E7BB58BF8363830966 /* DogCatQuizViews.swift in Sources */ = {isa = PBXBuildFile; fileRef = 5EA3B966D732FF52E0B5712F /* DogCatQuizViews.swift */; };
		70EAAF580BCD7C136DCAF4FA /* CompatModels.swift in Sources */ = {isa = PBXBuildFile; fileRef = 9E98AD303790CB9DA90A87E7 /* CompatModels.swift */; };
		72E3241A16977AD48984869B /* HomeBackButton.swift in Sources */ = {isa = PBXBuildFile; fileRef = F66D67709C2CCE2E905F6FDA /* HomeBackButton.swift */; };
		78BB532BEB7532F547D3C603 /* AppRouter.swift in Sources */ = {isa = PBXBuildFile; fileRef = 57952B4A958DF08FACA040CE /* AppRouter.swift */; };
		7C57E74132097E311475A0EC /* Image+Safe.swift in Sources */ = {isa = PBXBuildFile; fileRef = 706F71A43AC033BEA0049964 /* Image+Safe.swift */; };
		89D51229D21D8BBC76C92A7D /* GoogleMobileAds in Frameworks */ = {isa = PBXBuildFile; productRef = 95D59235A422D580D1FA4EFD /* GoogleMobileAds */; };
		8B913F6ADC2F1D2A732C0323 /* DogCatData.swift in Sources */ = {isa = PBXBuildFile; fileRef = 3BD56528540B25443AFD24BA /* DogCatData.swift */; };
		8C181F3D28302C3761B132A6 /* CompatEvaluator.swift in Sources */ = {isa = PBXBuildFile; fileRef = 38D67C9E43064B50F02BC370 /* CompatEvaluator.swift */; };
		9BB380F7E7509ABF6404B6E6 /* DogCatStartView.swift in Sources */ = {isa = PBXBuildFile; fileRef = FFB12F144F052DE736CDA4CC /* DogCatStartView.swift */; };
		AD864B0D409AE5AEC7AA6D3C /* AppDelegate.swift in Sources */ = {isa = PBXBuildFile; fileRef = E85E96565B1E20BFE9DFBB06 /* AppDelegate.swift */; };
		AFDA95C5C629E5E4B5A43F9E /* DogCatScoringEngine.swift in Sources */ = {isa = PBXBuildFile; fileRef = 88F3D7485FB11FB0B0525A6D /* DogCatScoringEngine.swift */; };
		C6B6E80E1FDE6E2F00A1D4F2 /* CatQuizViews.swift in Sources */ = {isa = PBXBuildFile; fileRef = C6B6E80C1FDE6E2F00A1D4F2 /* CatQuizViews.swift */; };
		64EB4F070795ACF79BFF25AF /* DogQuizRootView.swift in Sources */ = {isa = PBXBuildFile; fileRef = 6E358545752BC45CCF94D704 /* DogQuizRootView.swift */; };
		A50611DA16DE6B557FC2B481 /* DogQuizQuestionView.swift in Sources */ = {isa = PBXBuildFile; fileRef = D87A67A46EFABE580FCC610C /* DogQuizQuestionView.swift */; };
		5BCF3B9857126A193CA54E5F /* DogResultView.swift in Sources */ = {isa = PBXBuildFile; fileRef = 1A7D1A5492D3E55D73B29F27 /* DogResultView.swift */; };
		CE0470FA00B466D9EB7ED345 /* DogModels.swift in Sources */ = {isa = PBXBuildFile; fileRef = 4F0D0BBE597D5CAB5F3ADC5B /* DogModels.swift */; };
		BBA4A6D41A5665F1D01C8CB7 /* DogEvaluator.swift in Sources */ = {isa = PBXBuildFile; fileRef = D91A781C3FBCE00A83BE516E /* DogEvaluator.swift */; };
		35B78E88175527F6AD11979B /* DogQuestions.swift in Sources */ = {isa = PBXBuildFile; fileRef = ED140650B8B774F51290BAB7 /* DogQuestions.swift */; };
		F7C9B1E8D1F84CB3AEBB76D2 /* QuizBackground.swift in Sources */ = {isa = PBXBuildFile; fileRef = E4D4F45AB9B64143B129C8F1 /* QuizBackground.swift */; };
		B1068054FD6C18A1902860A0 /* Assets.xcassets in Resources */ = {isa = PBXBuildFile; fileRef = CE4E2BE6592BF39347B16F60 /* Assets.xcassets */; };
		B24A774066AFDE9A2C6D8EDD /* DogCatModels.swift in Sources */ = {isa = PBXBuildFile; fileRef = B7DA0ACF06793B1F060F0D14 /* DogCatModels.swift */; };
		B3C240F311E8DE017E1969DA /* AdsManager.swift in Sources */ = {isa = PBXBuildFile; fileRef = 1B74B5B5AAF53CFC56D78274 /* AdsManager.swift */; };
		C04F0EF9AEBA0AD9C6FF8894 /* AssessmentModels.swift in Sources */ = {isa = PBXBuildFile; fileRef = A7572B1FAF5D66BA713F9F34 /* AssessmentModels.swift */; };
		C955112D513558C226704564 /* NavigationHub.swift in Sources */ = {isa = PBXBuildFile; fileRef = DF14226EE38A94937E3BEDA1 /* NavigationHub.swift */; };
		D187751C1E76F97FD95B5C3E /* HideNavBar.swift in Sources */ = {isa = PBXBuildFile; fileRef = F4E3A816141A93A663AAC857 /* HideNavBar.swift */; };
		DA03D58E731F07BAD06FDE9C /* DogCatFlowContainer.swift in Sources */ = {isa = PBXBuildFile; fileRef = 51620646B2AFECC02B0D3E53 /* DogCatFlowContainer.swift */; };
		DED069A9E1087E04124951E6 /* QuestionTopInset.swift in Sources */ = {isa = PBXBuildFile; fileRef = 48ABF0D030A7A802D0972119 /* QuestionTopInset.swift */; };
		E04B7957E041928FEF03C321 /* AssessmentEvaluator.swift in Sources */ = {isa = PBXBuildFile; fileRef = A9B6179FEE98FB9E56E217A9 /* AssessmentEvaluator.swift */; };
		F050B8A7A85CDD8B4734C135 /* AdsConfig.swift in Sources */ = {isa = PBXBuildFile; fileRef = CE7B330688401452406E75FF /* AdsConfig.swift */; };
		F87169873058B63C5296AD6A /* HomeScreen.swift in Sources */ = {isa = PBXBuildFile; fileRef = 16B7B4E8401CAE5FE1CF5AFC /* HomeScreen.swift */; };
/* End PBXBuildFile section */

/* Begin PBXFileReference section */
		16B7B4E8401CAE5FE1CF5AFC /* HomeScreen.swift */ = {isa = PBXFileReference; lastKnownFileType = sourcecode.swift; path = HomeScreen.swift; sourceTree = "<group>"; };
		1B74B5B5AAF53CFC56D78274 /* AdsManager.swift */ = {isa = PBXFileReference; lastKnownFileType = sourcecode.swift; path = AdsManager.swift; sourceTree = "<group>"; };
		34A5209B8CDB66915D3C8F1F /* CompatHomeView.swift */ = {isa = PBXFileReference; lastKnownFileType = sourcecode.swift; path = CompatHomeView.swift; sourceTree = "<group>"; };
		38D67C9E43064B50F02BC370 /* CompatEvaluator.swift */ = {isa = PBXFileReference; lastKnownFileType = sourcecode.swift; path = CompatEvaluator.swift; sourceTree = "<group>"; };
		3BD56528540B25443AFD24BA /* DogCatData.swift */ = {isa = PBXFileReference; lastKnownFileType = sourcecode.swift; path = DogCatData.swift; sourceTree = "<group>"; };
		48ABF0D030A7A802D0972119 /* QuestionTopInset.swift */ = {isa = PBXFileReference; lastKnownFileType = sourcecode.swift; path = QuestionTopInset.swift; sourceTree = "<group>"; };
		51620646B2AFECC02B0D3E53 /* DogCatFlowContainer.swift */ = {isa = PBXFileReference; lastKnownFileType = sourcecode.swift; path = DogCatFlowContainer.swift; sourceTree = "<group>"; };
		57952B4A958DF08FACA040CE /* AppRouter.swift */ = {isa = PBXFileReference; lastKnownFileType = sourcecode.swift; path = AppRouter.swift; sourceTree = "<group>"; };
		5EA3B966D732FF52E0B5712F /* DogCatQuizViews.swift */ = {isa = PBXFileReference; lastKnownFileType = sourcecode.swift; path = DogCatQuizViews.swift; sourceTree = "<group>"; };
		C6B6E80C1FDE6E2F00A1D4F2 /* CatQuizViews.swift */ = {isa = PBXFileReference; lastKnownFileType = sourcecode.swift; path = CatQuizViews.swift; sourceTree = "<group>"; };
		6DF5969E82BACC5D2E04DAFC /* Views.swift */ = {isa = PBXFileReference; lastKnownFileType = sourcecode.swift; path = Views.swift; sourceTree = "<group>"; };
		6E2AE0D5E7DA7D9B6DA59694 /* Info.plist */ = {isa = PBXFileReference; lastKnownFileType = text.plist; path = Info.plist; sourceTree = "<group>"; };
		706F71A43AC033BEA0049964 /* Image+Safe.swift */ = {isa = PBXFileReference; lastKnownFileType = sourcecode.swift; path = "Image+Safe.swift"; sourceTree = "<group>"; };
		88F3D7485FB11FB0B0525A6D /* DogCatScoringEngine.swift */ = {isa = PBXFileReference; lastKnownFileType = sourcecode.swift; path = DogCatScoringEngine.swift; sourceTree = "<group>"; };
		8B1BEA3C2F38F570BA42951C /* ResultScreen.swift */ = {isa = PBXFileReference; lastKnownFileType = sourcecode.swift; path = ResultScreen.swift; sourceTree = "<group>"; };
		8EBB9ED9BB53FAFA6D6CA301 /* View+QuizBackground.swift */ = {isa = PBXFileReference; lastKnownFileType = sourcecode.swift; path = "View+QuizBackground.swift"; sourceTree = "<group>"; };
		E4D4F45AB9B64143B129C8F1 /* QuizBackground.swift */ = {isa = PBXFileReference; lastKnownFileType = sourcecode.swift; path = QuizBackground.swift; sourceTree = "<group>"; };
		97BBA425FC094C169D6AD867 /* Color+Hex.swift */ = {isa = PBXFileReference; lastKnownFileType = sourcecode.swift; path = "Color+Hex.swift"; sourceTree = "<group>"; };
		9CD1F2722832811345888D03 /* CompatRepository.swift */ = {isa = PBXFileReference; lastKnownFileType = sourcecode.swift; path = CompatRepository.swift; sourceTree = "<group>"; };
		9E98AD303790CB9DA90A87E7 /* CompatModels.swift */ = {isa = PBXFileReference; lastKnownFileType = sourcecode.swift; path = CompatModels.swift; sourceTree = "<group>"; };
		A7572B1FAF5D66BA713F9F34 /* AssessmentModels.swift */ = {isa = PBXFileReference; lastKnownFileType = sourcecode.swift; path = AssessmentModels.swift; sourceTree = "<group>"; };
		A9B6179FEE98FB9E56E217A9 /* AssessmentEvaluator.swift */ = {isa = PBXFileReference; lastKnownFileType = sourcecode.swift; path = AssessmentEvaluator.swift; sourceTree = "<group>"; };
		B7DA0ACF06793B1F060F0D14 /* DogCatModels.swift */ = {isa = PBXFileReference; lastKnownFileType = sourcecode.swift; path = DogCatModels.swift; sourceTree = "<group>"; };
		C732FC1A5622605BBC8D2D62 /* 犬猫度診断.app */ = {isa = PBXFileReference; includeInIndex = 0; lastKnownFileType = wrapper.application; path = "犬猫度診断.app"; sourceTree = BUILT_PRODUCTS_DIR; };
		CBFA189036E3961B098778C3 /* Text+Compat.swift */ = {isa = PBXFileReference; lastKnownFileType = sourcecode.swift; path = "Text+Compat.swift"; sourceTree = "<group>"; };
		CDEB78A449F1A142384EA401 /* QuizViewModel.swift */ = {isa = PBXFileReference; lastKnownFileType = sourcecode.swift; path = QuizViewModel.swift; sourceTree = "<group>"; };
		CE4E2BE6592BF39347B16F60 /* Assets.xcassets */ = {isa = PBXFileReference; lastKnownFileType = folder.assetcatalog; path = Assets.xcassets; sourceTree = "<group>"; };
		CE7B330688401452406E75FF /* AdsConfig.swift */ = {isa = PBXFileReference; lastKnownFileType = sourcecode.swift; path = AdsConfig.swift; sourceTree = "<group>"; };
		DDA2B0CCFC866F80FD281C8B /* AssessmentRepository.swift */ = {isa = PBXFileReference; lastKnownFileType = sourcecode.swift; path = AssessmentRepository.swift; sourceTree = "<group>"; };
		DF14226EE38A94937E3BEDA1 /* NavigationHub.swift */ = {isa = PBXFileReference; lastKnownFileType = sourcecode.swift; path = NavigationHub.swift; sourceTree = "<group>"; };
		E85E96565B1E20BFE9DFBB06 /* AppDelegate.swift */ = {isa = PBXFileReference; lastKnownFileType = sourcecode.swift; path = AppDelegate.swift; sourceTree = "<group>"; };
		E8E747AB94DC970C7B117315 /* QuizScreen.swift */ = {isa = PBXFileReference; lastKnownFileType = sourcecode.swift; path = QuizScreen.swift; sourceTree = "<group>"; };
		EBA018D24D94217704F587E6 /* HomeTabView.swift */ = {isa = PBXFileReference; lastKnownFileType = sourcecode.swift; path = HomeTabView.swift; sourceTree = "<group>"; };
		F4E3A816141A93A663AAC857 /* HideNavBar.swift */ = {isa = PBXFileReference; lastKnownFileType = sourcecode.swift; path = HideNavBar.swift; sourceTree = "<group>"; };
		F66D67709C2CCE2E905F6FDA /* HomeBackButton.swift */ = {isa = PBXFileReference; lastKnownFileType = sourcecode.swift; path = HomeBackButton.swift; sourceTree = "<group>"; };
		FFB12F144F052DE736CDA4CC /* DogCatStartView.swift */ = {isa = PBXFileReference; lastKnownFileType = sourcecode.swift; path = DogCatStartView.swift; sourceTree = "<group>"; };
		6E358545752BC45CCF94D704 /* DogQuizRootView.swift */ = {isa = PBXFileReference; lastKnownFileType = sourcecode.swift; path = DogQuizRootView.swift; sourceTree = "<group>"; };
		D87A67A46EFABE580FCC610C /* DogQuizQuestionView.swift */ = {isa = PBXFileReference; lastKnownFileType = sourcecode.swift; path = DogQuizQuestionView.swift; sourceTree = "<group>"; };
		1A7D1A5492D3E55D73B29F27 /* DogResultView.swift */ = {isa = PBXFileReference; lastKnownFileType = sourcecode.swift; path = DogResultView.swift; sourceTree = "<group>"; };
		4F0D0BBE597D5CAB5F3ADC5B /* DogModels.swift */ = {isa = PBXFileReference; lastKnownFileType = sourcecode.swift; path = DogModels.swift; sourceTree = "<group>"; };
		D91A781C3FBCE00A83BE516E /* DogEvaluator.swift */ = {isa = PBXFileReference; lastKnownFileType = sourcecode.swift; path = DogEvaluator.swift; sourceTree = "<group>"; };
		ED140650B8B774F51290BAB7 /* DogQuestions.swift */ = {isa = PBXFileReference; lastKnownFileType = sourcecode.swift; path = DogQuestions.swift; sourceTree = "<group>"; };
/* End PBXFileReference section */

/* Begin PBXFrameworksBuildPhase section */
		5BD2203871ABDAB3F2D4FF20 /* Frameworks */ = {
			isa = PBXFrameworksBuildPhase;
			buildActionMask = 2147483647;
			files = (
				89D51229D21D8BBC76C92A7D /* GoogleMobileAds in Frameworks */,
			);
			runOnlyForDeploymentPostprocessing = 0;
		};
/* End PBXFrameworksBuildPhase section */

/* Begin PBXGroup section */
		058F7FDE65648F21A25CF0E9 /* Extensions */ = {
			isa = PBXGroup;
			children = (
				706F71A43AC033BEA0049964 /* Image+Safe.swift */,
			);
			path = Extensions;
			sourceTree = "<group>";
		};
		2630AB0994DBEE0B4DE893D2 /* Common */ = {
			isa = PBXGroup;
			children = (
				F4E3A816141A93A663AAC857 /* HideNavBar.swift */,
				CBFA189036E3961B098778C3 /* Text+Compat.swift */,
			);
			path = Common;
			sourceTree = "<group>";
		};
		3B4C685BCD8BCF372037A430 /* Products */ = {
			isa = PBXGroup;
			children = (
				C732FC1A5622605BBC8D2D62 /* 犬猫度診断.app */,
			);
			name = Products;
			sourceTree = "<group>";
		};
		502AA7D442DFB1132CEA8FF4 /* Modifiers */ = {
			isa = PBXGroup;
			children = (
				48ABF0D030A7A802D0972119 /* QuestionTopInset.swift */,
			);
			path = Modifiers;
			sourceTree = "<group>";
		};
		50CC2D8748F5D84D13613D64 /* Components */ = {
			isa = PBXGroup;
			children = (
				F66D67709C2CCE2E905F6FDA /* HomeBackButton.swift */,
			);
			path = Components;
			sourceTree = "<group>";
		};
		57665F749E1FC3C9E95A06AB /* DogCat */ = {
			isa = PBXGroup;
			children = (
				51620646B2AFECC02B0D3E53 /* DogCatFlowContainer.swift */,
				5EA3B966D732FF52E0B5712F /* DogCatQuizViews.swift */,
				FFB12F144F052DE736CDA4CC /* DogCatStartView.swift */,
			);
			path = DogCat;
			sourceTree = "<group>";
		};
		C6B6E8101FDE6E2F00A1D4F2 /* CatQuiz */ = {
			isa = PBXGroup;
			children = (
				C6B6E80C1FDE6E2F00A1D4F2 /* CatQuizViews.swift */,
			);
			path = CatQuiz;
			sourceTree = "<group>";
		};
		6A9AB7063CBFAF7C04BED8FE /* Models */ = {
			isa = PBXGroup;
			children = (
				0E9B134CB90FED46548B7BE4 /* Dog */,
				B7DA0ACF06793B1F060F0D14 /* DogCatModels.swift */,
			);
			path = Models;
			sourceTree = "<group>";
		};
		0E9B134CB90FED46548B7BE4 /* Dog */ = {
			isa = PBXGroup;
			children = (
				4F0D0BBE597D5CAB5F3ADC5B /* DogModels.swift */,
			);
			path = Dog;
			sourceTree = "<group>";
		};
		75C46F7F8307D426672234DB /* Modifiers */ = {
			isa = PBXGroup;
			children = (
				8EBB9ED9BB53FAFA6D6CA301 /* View+QuizBackground.swift */,
			);
			path = Modifiers;
			sourceTree = "<group>";
		};
		76A39C7FAA80F0A0D02031D1 /* Sources */ = {
			isa = PBXGroup;
			children = (
				FF63AC62D192519D3DF1A0A6 /* Ads */,
			);
			path = Sources;
			sourceTree = "<group>";
		};
		B3C4C7FBB405A80DCDA65E44 /* Data */ = {
			isa = PBXGroup;
			children = (
				E6376DB4832AF450D2A68459 /* Dog */,
				3BD56528540B25443AFD24BA /* DogCatData.swift */,
			);
			path = Data;
			sourceTree = "<group>";
		};
		E6376DB4832AF450D2A68459 /* Dog */ = {
			isa = PBXGroup;
			children = (
				ED140650B8B774F51290BAB7 /* DogQuestions.swift */,
			);
			path = Dog;
			sourceTree = "<group>";
		};
		B7B0571FDB7977795733CD29 /* 犬猫度診断 */ = {
			isa = PBXGroup;
			children = (
				1B74B5B5AAF53CFC56D78274 /* AdsManager.swift */,
				E85E96565B1E20BFE9DFBB06 /* AppDelegate.swift */,
				57952B4A958DF08FACA040CE /* AppRouter.swift */,
				A9B6179FEE98FB9E56E217A9 /* AssessmentEvaluator.swift */,
				A7572B1FAF5D66BA713F9F34 /* AssessmentModels.swift */,
				DDA2B0CCFC866F80FD281C8B /* AssessmentRepository.swift */,
				CE4E2BE6592BF39347B16F60 /* Assets.xcassets */,
				97BBA425FC094C169D6AD867 /* Color+Hex.swift */,
				38D67C9E43064B50F02BC370 /* CompatEvaluator.swift */,
				34A5209B8CDB66915D3C8F1F /* CompatHomeView.swift */,
				9E98AD303790CB9DA90A87E7 /* CompatModels.swift */,
				9CD1F2722832811345888D03 /* CompatRepository.swift */,
				16B7B4E8401CAE5FE1CF5AFC /* HomeScreen.swift */,
				EBA018D24D94217704F587E6 /* HomeTabView.swift */,
				6E2AE0D5E7DA7D9B6DA59694 /* Info.plist */,
				DF14226EE38A94937E3BEDA1 /* NavigationHub.swift */,
				E8E747AB94DC970C7B117315 /* QuizScreen.swift */,
				CDEB78A449F1A142384EA401 /* QuizViewModel.swift */,
				8B1BEA3C2F38F570BA42951C /* ResultScreen.swift */,
				6DF5969E82BACC5D2E04DAFC /* Views.swift */,
				50CC2D8748F5D84D13613D64 /* Components */,
				B3C4C7FBB405A80DCDA65E44 /* Data */,
				058F7FDE65648F21A25CF0E9 /* Extensions */,
				F52EAB5F1C4403A83B26526E /* Logic */,
				6A9AB7063CBFAF7C04BED8FE /* Models */,
				502AA7D442DFB1132CEA8FF4 /* Modifiers */,
				76A39C7FAA80F0A0D02031D1 /* Sources */,
				F2B4A146B2075C0D34D80593 /* Views */,
			);
			path = "犬猫度診断";
			sourceTree = "<group>";
		};
		D25D3E22F17B50EC07DC2977 = {
			isa = PBXGroup;
			children = (
				B7B0571FDB7977795733CD29 /* 犬猫度診断 */,
				3B4C685BCD8BCF372037A430 /* Products */,
			);
			sourceTree = "<group>";
		};
		F2B4A146B2075C0D34D80593 /* Views */ = {
			isa = PBXGroup;
			children = (
				2630AB0994DBEE0B4DE893D2 /* Common */,
				57665F749E1FC3C9E95A06AB /* DogCat */,
				86105933B5F95A5BE749E52E /* Dog */,
				C6B6E8101FDE6E2F00A1D4F2 /* CatQuiz */,
				75C46F7F8307D426672234DB /* Modifiers */,
				E4D4F45AB9B64143B129C8F1 /* QuizBackground.swift */,
			);
			path = Views;
			sourceTree = "<group>";
		};
		86105933B5F95A5BE749E52E /* Dog */ = {
			isa = PBXGroup;
			children = (
				6E358545752BC45CCF94D704 /* DogQuizRootView.swift */,
				D87A67A46EFABE580FCC610C /* DogQuizQuestionView.swift */,
				1A7D1A5492D3E55D73B29F27 /* DogResultView.swift */,
			);
			path = Dog;
			sourceTree = "<group>";
		};
		F52EAB5F1C4403A83B26526E /* Logic */ = {
			isa = PBXGroup;
			children = (
				88F3D7485FB11FB0B0525A6D /* DogCatScoringEngine.swift */,
				9140EA3AD57204B5F9E7F748 /* Dog */,
			);
			path = Logic;
			sourceTree = "<group>";
		};
		9140EA3AD57204B5F9E7F748 /* Dog */ = {
			isa = PBXGroup;
			children = (
				D91A781C3FBCE00A83BE516E /* DogEvaluator.swift */,
			);
			path = Dog;
			sourceTree = "<group>";
		};
		FF63AC62D192519D3DF1A0A6 /* Ads */ = {
			isa = PBXGroup;
			children = (
				CE7B330688401452406E75FF /* AdsConfig.swift */,
			);
			path = Ads;
			sourceTree = "<group>";
		};
/* End PBXGroup section */

/* Begin PBXNativeTarget section */
		88063799C7288FE4B5C02057 /* 犬猫度診断 */ = {
			isa = PBXNativeTarget;
			buildConfigurationList = FF0B1400BBA63A4EEAE0B2A2 /* Build configuration list for PBXNativeTarget "犬猫度診断" */;
			buildPhases = (
				2C758B91CD18856A58C35993 /* Copy Assessment Resources */,
				4716839341AA790C1A67AB0D /* Sources */,
				D18BCD2277E094EC8FEF1B72 /* Validate Assessment Resources */,
				9FB1F967FE9A3849F8CD177B /* Resources */,
				5BD2203871ABDAB3F2D4FF20 /* Frameworks */,
			);
			buildRules = (
			);
			dependencies = (
			);
			name = "犬猫度診断";
			packageProductDependencies = (
				95D59235A422D580D1FA4EFD /* GoogleMobileAds */,
			);
			productName = "犬猫度診断";
			productReference = C732FC1A5622605BBC8D2D62 /* 犬猫度診断.app */;
			productType = "com.apple.product-type.application";
		};
/* End PBXNativeTarget section */

/* Begin PBXProject section */
		CAA7036AACA1B34BEC76112B /* Project object */ = {
			isa = PBXProject;
			attributes = {
				BuildIndependentTargetsInParallel = YES;
				LastUpgradeCheck = 1430;
			};
			buildConfigurationList = FC9B562F7D44A03764A4FC51 /* Build configuration list for PBXProject "犬猫度診断" */;
			compatibilityVersion = "Xcode 14.0";
			developmentRegion = en;
			hasScannedForEncodings = 0;
			knownRegions = (
				Base,
				en,
			);
			mainGroup = D25D3E22F17B50EC07DC2977;
			minimizedProjectReferenceProxies = 1;
			packageReferences = (
				783E379C18FFD83ED89F3A16 /* XCRemoteSwiftPackageReference "swift-package-manager-google-mobile-ads" */,
			);
			preferredProjectObjectVersion = 77;
			projectDirPath = "";
			projectRoot = "";
			targets = (
				88063799C7288FE4B5C02057 /* 犬猫度診断 */,
			);
		};
/* End PBXProject section */

/* Begin PBXResourcesBuildPhase section */
		9FB1F967FE9A3849F8CD177B /* Resources */ = {
			isa = PBXResourcesBuildPhase;
			buildActionMask = 2147483647;
			files = (
				B1068054FD6C18A1902860A0 /* Assets.xcassets in Resources */,
			);
			runOnlyForDeploymentPostprocessing = 0;
		};
/* End PBXResourcesBuildPhase section */

/* Begin PBXShellScriptBuildPhase section */
		2C758B91CD18856A58C35993 /* Copy Assessment Resources */ = {
			isa = PBXShellScriptBuildPhase;
			buildActionMask = 2147483647;
			files = (
			);
			inputFileListPaths = (
			);
			inputPaths = (
			);
			name = "Copy Assessment Resources";
			outputFileListPaths = (
			);
			outputPaths = (
			);
			runOnlyForDeploymentPostprocessing = 0;
			shellPath = /bin/sh;
			shellScript = "set -e\nDEST=\"${TARGET_BUILD_DIR}/${UNLOCALIZED_RESOURCES_FOLDER_PATH}\"\nmkdir -p \"${DEST}/assessments\"\nrsync -a --delete \"${SRCROOT}/Resources/assessments/\" \"${DEST}/assessments/\"\necho \"[COPY] assessments synced to ${DEST}/assessments\"\n";
		};
		D18BCD2277E094EC8FEF1B72 /* Validate Assessment Resources */ = {
			isa = PBXShellScriptBuildPhase;
			buildActionMask = 2147483647;
			files = (
			);
			inputFileListPaths = (
			);
			inputPaths = (
				"$(SRCROOT)/Resources/assessments",
				"$(TARGET_BUILD_DIR)/$(UNLOCALIZED_RESOURCES_FOLDER_PATH)",
			);
			name = "Validate Assessment Resources";
			outputFileListPaths = (
			);
			outputPaths = (
				"$(DERIVED_FILE_DIR)/validate_assessments.stamp",
			);
			runOnlyForDeploymentPostprocessing = 0;
			shellPath = /bin/sh;
			shellScript = "set -euo pipefail\nAPP_RES=\"${TARGET_BUILD_DIR}/${UNLOCALIZED_RESOURCES_FOLDER_PATH}\"\nDIAG_MIN_QUESTIONS=\"${DIAG_MIN_QUESTIONS:-3}\"\nCANDIDATES=(\n  \"${APP_RES}/assessments\"\n  \"${APP_RES}/Resources/assessments\"\n)\nADIR=\"\"\nfor d in \"${CANDIDATES[@]}\"; do [ -d \"$d\" ] && { ADIR=\"$d\"; break; }; done\nif [ -z \"$ADIR\" ]; then\n  echo \"[AS][WARN] assessments not found in app bundle, skipping validation\"\n  echo \"Candidates checked:\"\n  for d in \"${CANDIDATES[@]}\"; do echo \"  $d\"; done\n  exit 0\nfi\nshopt -s nullglob\nQFILES=( \"${ADIR}\"/diag_*_v*.json )\nRFILES=( \"${ADIR}\"/diag_*_results.json )\n[ ${#QFILES[@]} -ge 1 ] || { echo \"[AS][ERR] 質問ファイルがありません\"; exit 4; }\n[ ${#RFILES[@]} -ge 1 ] || { echo \"[AS][ERR] 結果ファイルがありません\"; exit 5; }\nif grep -rI -n $'\\xE2\\x80\\x9C\\|\\xE2\\x80\\x9D\\|\\xE2\\x80\\x98\\|\\xE2\\x80\\x99' \"${ADIR}\" >/dev/null; then\n  echo \"[AS][ERR] smart quotes detected\"; exit 6; fi\nfor f in \"${QFILES[@]}\"; do\n  echo \"[AS] Validate questions: $f\"\n  /usr/bin/python3 - <<'PY' \"$f\" \"$DIAG_MIN_QUESTIONS\" || { echo \"[AS][ERR] invalid questions JSON: $f\"; exit 7; }\nimport json,sys\nminc=int(sys.argv[2])\nwith open(sys.argv[1],'rb') as fp:\n    data=json.load(fp)\nassert isinstance(data, dict) and \"questions\" in data, \"questions配列がありません\"\nqs=data[\"questions\"]\nassert isinstance(qs, list) and len(qs) >= minc, f\"質問数 {len(qs)} < 最低 {minc}\"\nfor q in qs:\n    assert \"choices\" in q and len(q[\"choices\"])>=2, \"choices不足\"\n    for c in q[\"choices\"]:\n        assert \"weights\" in c and isinstance(c[\"weights\"], dict), \"weights欠落\"\nprint(\"[AS] OK questions count=\", len(qs))\nPY\ndone\nfor f in \"${RFILES[@]}\"; do\n  echo \"[AS] Validate results: $f\"\n  /usr/bin/python3 - <<'PY' \"$f\" || { echo \"[AS][ERR] invalid results JSON: $f\"; exit 8; }\nimport json,sys,re\nwith open(sys.argv[1],'rb') as fp:\n    data=json.load(fp)\nassert isinstance(data, dict) and \"profiles\" in data, \"profilesがありません\"\nprofiles=data[\"profiles\"]; assert isinstance(profiles, list) and len(profiles)>=1\nfor p in profiles:\n    assert \"id\" in p and \"name\" in p and \"formula\" in p, \"必須キー不足\"\n    assert re.match(r'^[0-9*+ IAPLJSC]+$', p[\"formula\"].replace(' ','')), \"formulaに無効文字\"\nprint(\"[AS] OK profiles=\", len(profiles))\nPY\ndone\n";
		};
/* End PBXShellScriptBuildPhase section */

/* Begin PBXSourcesBuildPhase section */
		4716839341AA790C1A67AB0D /* Sources */ = {
			isa = PBXSourcesBuildPhase;
			buildActionMask = 2147483647;
			files = (
				F050B8A7A85CDD8B4734C135 /* AdsConfig.swift in Sources */,
				B3C240F311E8DE017E1969DA /* AdsManager.swift in Sources */,
				AD864B0D409AE5AEC7AA6D3C /* AppDelegate.swift in Sources */,
				78BB532BEB7532F547D3C603 /* AppRouter.swift in Sources */,
				E04B7957E041928FEF03C321 /* AssessmentEvaluator.swift in Sources */,
				C04F0EF9AEBA0AD9C6FF8894 /* AssessmentModels.swift in Sources */,
				28618581E9A88615A017F91A /* AssessmentRepository.swift in Sources */,
				0B7F08ACA0FC61D42A8D634A /* Color+Hex.swift in Sources */,
				8C181F3D28302C3761B132A6 /* CompatEvaluator.swift in Sources */,
				376B7CD9FDA7BD7B08077B57 /* CompatHomeView.swift in Sources */,
				70EAAF580BCD7C136DCAF4FA /* CompatModels.swift in Sources */,
				572EF59FD9E5F6803787F9B5 /* CompatRepository.swift in Sources */,
				8B913F6ADC2F1D2A732C0323 /* DogCatData.swift in Sources */,
				DA03D58E731F07BAD06FDE9C /* DogCatFlowContainer.swift in Sources */,
				B24A774066AFDE9A2C6D8EDD /* DogCatModels.swift in Sources */,
				6A9940E7BB58BF8363830966 /* DogCatQuizViews.swift in Sources */,
				C6B6E80E1FDE6E2F00A1D4F2 /* CatQuizViews.swift in Sources */,
				AFDA95C5C629E5E4B5A43F9E /* DogCatScoringEngine.swift in Sources */,
				9BB380F7E7509ABF6404B6E6 /* DogCatStartView.swift in Sources */,
				CE0470FA00B466D9EB7ED345 /* DogModels.swift in Sources */,
				35B78E88175527F6AD11979B /* DogQuestions.swift in Sources */,
				BBA4A6D41A5665F1D01C8CB7 /* DogEvaluator.swift in Sources */,
				64EB4F070795ACF79BFF25AF /* DogQuizRootView.swift in Sources */,
				A50611DA16DE6B557FC2B481 /* DogQuizQuestionView.swift in Sources */,
				5BCF3B9857126A193CA54E5F /* DogResultView.swift in Sources */,
				D187751C1E76F97FD95B5C3E /* HideNavBar.swift in Sources */,
				72E3241A16977AD48984869B /* HomeBackButton.swift in Sources */,
				F87169873058B63C5296AD6A /* HomeScreen.swift in Sources */,
				478811B9EEA7ECD842DE682C /* HomeTabView.swift in Sources */,
				7C57E74132097E311475A0EC /* Image+Safe.swift in Sources */,
				C955112D513558C226704564 /* NavigationHub.swift in Sources */,
				DED069A9E1087E04124951E6 /* QuestionTopInset.swift in Sources */,
				3DC3C7F28ACD3957FADF4AED /* View+QuizBackground.swift in Sources */,
				F7C9B1E8D1F84CB3AEBB76D2 /* QuizBackground.swift in Sources */,
				1C5523C91F2B0FDF3C4FCFE1 /* QuizScreen.swift in Sources */,
				5E872D85A6629988C0C1E2FA /* QuizViewModel.swift in Sources */,
				0975FB715C8AC766B03DD978 /* ResultScreen.swift in Sources */,
				04DDCA994F39945CDF6A0C14 /* Text+Compat.swift in Sources */,
				596A8275BC957D1E51D15C7A /* Views.swift in Sources */,
			);
			runOnlyForDeploymentPostprocessing = 0;
		};
/* End PBXSourcesBuildPhase section */

/* Begin XCBuildConfiguration section */
		48241F08323C2FDB7B5561E2 /* Debug */ = {
			isa = XCBuildConfiguration;
			buildSettings = {
				ALWAYS_SEARCH_USER_PATHS = NO;
				CLANG_ANALYZER_NONNULL = YES;
				CLANG_ANALYZER_NUMBER_OBJECT_CONVERSION = YES_AGGRESSIVE;
				CLANG_CXX_LANGUAGE_STANDARD = "gnu++14";
				CLANG_CXX_LIBRARY = "libc++";
				CLANG_ENABLE_MODULES = YES;
				CLANG_ENABLE_OBJC_ARC = YES;
				CLANG_ENABLE_OBJC_WEAK = YES;
				CLANG_WARN_BLOCK_CAPTURE_AUTORELEASING = YES;
				CLANG_WARN_BOOL_CONVERSION = YES;
				CLANG_WARN_COMMA = YES;
				CLANG_WARN_CONSTANT_CONVERSION = YES;
				CLANG_WARN_DEPRECATED_OBJC_IMPLEMENTATIONS = YES;
				CLANG_WARN_DIRECT_OBJC_ISA_USAGE = YES_ERROR;
				CLANG_WARN_DOCUMENTATION_COMMENTS = YES;
				CLANG_WARN_EMPTY_BODY = YES;
				CLANG_WARN_ENUM_CONVERSION = YES;
				CLANG_WARN_INFINITE_RECURSION = YES;
				CLANG_WARN_INT_CONVERSION = YES;
				CLANG_WARN_NON_LITERAL_NULL_CONVERSION = YES;
				CLANG_WARN_OBJC_IMPLICIT_RETAIN_SELF = YES;
				CLANG_WARN_OBJC_LITERAL_CONVERSION = YES;
				CLANG_WARN_OBJC_ROOT_CLASS = YES_ERROR;
				CLANG_WARN_QUOTED_INCLUDE_IN_FRAMEWORK_HEADER = YES;
				CLANG_WARN_RANGE_LOOP_ANALYSIS = YES;
				CLANG_WARN_STRICT_PROTOTYPES = YES;
				CLANG_WARN_SUSPICIOUS_MOVE = YES;
				CLANG_WARN_UNGUARDED_AVAILABILITY = YES_AGGRESSIVE;
				CLANG_WARN_UNREACHABLE_CODE = YES;
				CLANG_WARN__DUPLICATE_METHOD_MATCH = YES;
				COPY_PHASE_STRIP = NO;
				DEBUG_INFORMATION_FORMAT = dwarf;
				ENABLE_STRICT_OBJC_MSGSEND = YES;
				ENABLE_TESTABILITY = YES;
				GCC_C_LANGUAGE_STANDARD = gnu11;
				GCC_DYNAMIC_NO_PIC = NO;
				GCC_NO_COMMON_BLOCKS = YES;
				GCC_OPTIMIZATION_LEVEL = 0;
				GCC_PREPROCESSOR_DEFINITIONS = (
					"$(inherited)",
					"DEBUG=1",
				);
				GCC_WARN_64_TO_32_BIT_CONVERSION = YES;
				GCC_WARN_ABOUT_RETURN_TYPE = YES_ERROR;
				GCC_WARN_UNDECLARED_SELECTOR = YES;
				GCC_WARN_UNINITIALIZED_AUTOS = YES_AGGRESSIVE;
				GCC_WARN_UNUSED_FUNCTION = YES;
				GCC_WARN_UNUSED_VARIABLE = YES;
				MTL_ENABLE_DEBUG_INFO = INCLUDE_SOURCE;
				MTL_FAST_MATH = YES;
				ONLY_ACTIVE_ARCH = YES;
				PRODUCT_NAME = "$(TARGET_NAME)";
				SDKROOT = iphoneos;
				SWIFT_ACTIVE_COMPILATION_CONDITIONS = DEBUG;
				SWIFT_OPTIMIZATION_LEVEL = "-Onone";
				SWIFT_VERSION = 5.0;
			};
			name = Debug;
		};
		4A875C47AC629B66CA01BE66 /* Release */ = {
			isa = XCBuildConfiguration;
			buildSettings = {
				ALWAYS_SEARCH_USER_PATHS = NO;
				CLANG_ANALYZER_NONNULL = YES;
				CLANG_ANALYZER_NUMBER_OBJECT_CONVERSION = YES_AGGRESSIVE;
				CLANG_CXX_LANGUAGE_STANDARD = "gnu++14";
				CLANG_CXX_LIBRARY = "libc++";
				CLANG_ENABLE_MODULES = YES;
				CLANG_ENABLE_OBJC_ARC = YES;
				CLANG_ENABLE_OBJC_WEAK = YES;
				CLANG_WARN_BLOCK_CAPTURE_AUTORELEASING = YES;
				CLANG_WARN_BOOL_CONVERSION = YES;
				CLANG_WARN_COMMA = YES;
				CLANG_WARN_CONSTANT_CONVERSION = YES;
				CLANG_WARN_DEPRECATED_OBJC_IMPLEMENTATIONS = YES;
				CLANG_WARN_DIRECT_OBJC_ISA_USAGE = YES_ERROR;
				CLANG_WARN_DOCUMENTATION_COMMENTS = YES;
				CLANG_WARN_EMPTY_BODY = YES;
				CLANG_WARN_ENUM_CONVERSION = YES;
				CLANG_WARN_INFINITE_RECURSION = YES;
				CLANG_WARN_INT_CONVERSION = YES;
				CLANG_WARN_NON_LITERAL_NULL_CONVERSION = YES;
				CLANG_WARN_OBJC_IMPLICIT_RETAIN_SELF = YES;
				CLANG_WARN_OBJC_LITERAL_CONVERSION = YES;
				CLANG_WARN_OBJC_ROOT_CLASS = YES_ERROR;
				CLANG_WARN_QUOTED_INCLUDE_IN_FRAMEWORK_HEADER = YES;
				CLANG_WARN_RANGE_LOOP_ANALYSIS = YES;
				CLANG_WARN_STRICT_PROTOTYPES = YES;
				CLANG_WARN_SUSPICIOUS_MOVE = YES;
				CLANG_WARN_UNGUARDED_AVAILABILITY = YES_AGGRESSIVE;
				CLANG_WARN_UNREACHABLE_CODE = YES;
				CLANG_WARN__DUPLICATE_METHOD_MATCH = YES;
				COPY_PHASE_STRIP = NO;
				DEBUG_INFORMATION_FORMAT = "dwarf-with-dsym";
				ENABLE_NS_ASSERTIONS = NO;
				ENABLE_STRICT_OBJC_MSGSEND = YES;
				GCC_C_LANGUAGE_STANDARD = gnu11;
				GCC_NO_COMMON_BLOCKS = YES;
				GCC_WARN_64_TO_32_BIT_CONVERSION = YES;
				GCC_WARN_ABOUT_RETURN_TYPE = YES_ERROR;
				GCC_WARN_UNDECLARED_SELECTOR = YES;
				GCC_WARN_UNINITIALIZED_AUTOS = YES_AGGRESSIVE;
				GCC_WARN_UNUSED_FUNCTION = YES;
				GCC_WARN_UNUSED_VARIABLE = YES;
				MTL_ENABLE_DEBUG_INFO = NO;
				MTL_FAST_MATH = YES;
				PRODUCT_NAME = "$(TARGET_NAME)";
				SDKROOT = iphoneos;
				SWIFT_COMPILATION_MODE = wholemodule;
				SWIFT_OPTIMIZATION_LEVEL = "-O";
				SWIFT_VERSION = 5.0;
			};
			name = Release;
		};
		AEC816278D432016FBD0331A /* Debug */ = {
			isa = XCBuildConfiguration;
			buildSettings = {
				ADS_ENABLED = NO;
				ASSETCATALOG_COMPILER_APPICON_NAME = AppIcon;
				CODE_SIGN_IDENTITY = "iPhone Developer";
				DIAG_MIN_QUESTIONS = 3;
				INFOPLIST_FILE = "犬猫度診断/Info.plist";
				IPHONEOS_DEPLOYMENT_TARGET = 15.0;
				OTHER_LDFLAGS = (
					"-ObjC",
				);
				LD_RUNPATH_SEARCH_PATHS = (
					"$(inherited)",
					"@executable_path/Frameworks",
				);
				PRODUCT_BUNDLE_IDENTIFIER = net.jp.apps.example.sengoku;
				SDKROOT = iphoneos;
				SWIFT_VERSION = 5.9;
				TARGETED_DEVICE_FAMILY = 1;
			};
			name = Debug;
		};
		BE68CD53F7B19254F9DAC2BF /* Release */ = {
			isa = XCBuildConfiguration;
			buildSettings = {
				ADS_ENABLED = NO;
				ASSETCATALOG_COMPILER_APPICON_NAME = AppIcon;
				CODE_SIGN_IDENTITY = "iPhone Developer";
				DIAG_MIN_QUESTIONS = 3;
				INFOPLIST_FILE = "犬猫度診断/Info.plist";
				IPHONEOS_DEPLOYMENT_TARGET = 15.0;
				OTHER_LDFLAGS = (
					"-ObjC",
				);
				LD_RUNPATH_SEARCH_PATHS = (
					"$(inherited)",
					"@executable_path/Frameworks",
				);
				PRODUCT_BUNDLE_IDENTIFIER = net.jp.apps.example.sengoku;
				SDKROOT = iphoneos;
				SWIFT_VERSION = 5.9;
				TARGETED_DEVICE_FAMILY = 1;
			};
			name = Release;
		};
/* End XCBuildConfiguration section */

/* Begin XCConfigurationList section */
		FC9B562F7D44A03764A4FC51 /* Build configuration list for PBXProject "犬猫度診断" */ = {
			isa = XCConfigurationList;
			buildConfigurations = (
				48241F08323C2FDB7B5561E2 /* Debug */,
				4A875C47AC629B66CA01BE66 /* Release */,
			);
			defaultConfigurationIsVisible = 0;
			defaultConfigurationName = Debug;
		};
		FF0B1400BBA63A4EEAE0B2A2 /* Build configuration list for PBXNativeTarget "犬猫度診断" */ = {
			isa = XCConfigurationList;
			buildConfigurations = (
				AEC816278D432016FBD0331A /* Debug */,
				BE68CD53F7B19254F9DAC2BF /* Release */,
			);
			defaultConfigurationIsVisible = 0;
			defaultConfigurationName = Debug;
		};
/* End XCConfigurationList section */

/* Begin XCRemoteSwiftPackageReference section */
		783E379C18FFD83ED89F3A16 /* XCRemoteSwiftPackageReference "swift-package-manager-google-mobile-ads" */ = {
			isa = XCRemoteSwiftPackageReference;
			repositoryURL = "https://github.com/googleads/swift-package-manager-google-mobile-ads";
			requirement = {
				kind = upToNextMajorVersion;
				minimumVersion = 12.13.0;
			};
		};
/* End XCRemoteSwiftPackageReference section */

/* Begin XCSwiftPackageProductDependency section */
		95D59235A422D580D1FA4EFD /* GoogleMobileAds */ = {
			isa = XCSwiftPackageProductDependency;
			package = 783E379C18FFD83ED89F3A16 /* XCRemoteSwiftPackageReference "swift-package-manager-google-mobile-ads" */;
			productName = GoogleMobileAds;
		};
/* End XCSwiftPackageProductDependency section */
	};
	rootObject = CAA7036AACA1B34BEC76112B /* Project object */;
}
